
Microsoft Visual Studio Solution File, Format Version 12.00
# Visual Studio Version 16
VisualStudioVersion = 16.0.30907.101
MinimumVisualStudioVersion = 10.0.40219.1
Project("{FAE04EC0-301F-11D3-BF4B-00C04F79EFBC}") = "ProyectoGit", "ProyectoGit.csproj", "{938A5B3D-FFF3-4592-AAF3-09B76A452E8B}"
EndProject
Global
	GlobalSection(SolutionConfigurationPlatforms) = preSolution
		Debug|Any CPU = Debug|Any CPU
		Release|Any CPU = Release|Any CPU
	EndGlobalSection
	GlobalSection(ProjectConfigurationPlatforms) = postSolution
		{938A5B3D-FFF3-4592-AAF3-09B76A452E8B}.Debug|Any CPU.ActiveCfg = Debug|Any CPU
		{938A5B3D-FFF3-4592-AAF3-09B76A452E8B}.Debug|Any CPU.Build.0 = Debug|Any CPU
		{938A5B3D-FFF3-4592-AAF3-09B76A452E8B}.Release|Any CPU.ActiveCfg = Release|Any CPU
		{938A5B3D-FFF3-4592-AAF3-09B76A452E8B}.Release|Any CPU.Build.0 = Release|Any CPU
	EndGlobalSection
	GlobalSection(SolutionProperties) = preSolution
		HideSolutionNode = FALSE
	EndGlobalSection
	GlobalSection(ExtensibilityGlobals) = postSolution
		SolutionGuid = {F650E817-844F-4DF9-8969-0F7D0DBF2D61}
	EndGlobalSection
EndGlobal
